{
  "name": "privacyfence-ai-client-contract-tests",
  "lockfileVersion": 3,
  "requires": true,
  "packages": {
    "": {
      "name": "privacyfence-ai-client-contract-tests",
      "license": "Apache-2.0",
      "devDependencies": {
        "@anthropic-ai/claude-code": "2.1.283",
        "@google/gemini-cli": "0.61.0"
      }
    },
    "node_modules/@anthropic-ai/claude-code": {
      "version": "2.1.283",
      "resolved": "https://registry.npmjs.org/@anthropic-ai/claude-code/-/claude-code-2.1.283.tgz",
      "integrity": "sha512-/8Y1pe7M15qMOU7RwUEjpFcM8XGVXNzWrWRXXp/0HlGm1k8FcOCxYMA9VR237JUUzzx5DkcQaGvELAo4si7TwA==",
      "dev": true,
      "hasInstallScript": true,
      "license": "SEE LICENSE IN README.md",
      "bin": {
        "claude": "bin/claude.exe"
      },
      "engines": {
        "node": ">=22.0.0"
      },
      "optionalDependencies": {
        "@anthropic-ai/claude-code-darwin-arm64": "2.1.283",
        "@anthropic-ai/claude-code-darwin-x64": "2.1.283",
        "@anthropic-ai/claude-code-linux-arm64": "2.1.283",
        "@anthropic-ai/claude-code-linux-arm64-musl": "2.1.283",
        "@anthropic-ai/claude-code-linux-x64": "2.1.283",
        "@anthropic-ai/claude-code-linux-x64-musl": "2.1.283",
        "@anthropic-ai/claude-code-win32-arm64": "2.1.283",
        "@anthropic-ai/claude-code-win32-x64": "2.1.283"
      }
    },
    "node_modules/@anthropic-ai/claude-code-darwin-arm64": {
      "version": "2.1.283",
      "resolved": "https://registry.npmjs.org/@anthropic-ai/claude-code-darwin-arm64/-/claude-code-darwin-arm64-2.1.283.tgz",
      "integrity": "sha512-GczpJ+FvnOYvxn6XPGHbdqJEZMves6Vc0WKS/g1N2eG39EKKAHxG77e+w4Rjtmf8xgCxNY36Jf/IOfbcyus4zA==",
      "cpu": [
        "arm64"
      ],
      "dev": true,
      "license": "SEE LICENSE IN LICENSE.md",
      "optional": true,
      "os": [
        "darwin"
      ]
    },
    "node_modules/@anthropic-ai/claude-code-darwin-x64": {
      "version": "2.1.283",
      "resolved": "https://registry.npmjs.org/@anthropic-ai/claude-code-darwin-x64/-/claude-code-darwin-x64-2.1.283.tgz",
      "integrity": "sha512-yL10X6RsEbc7O5cO9H9dDkQef8owqxShDsE32Z4L712vlVIM2qaYuhvgmn/n2Ra0Y2VmwkoMy6+36+/5vnYlqg==",
      "cpu": [
        "x64"
      ],
      "dev": true,
      "license": "SEE LICENSE IN LICENSE.md",
      "optional": true,
      "os": [
        "darwin"
      ]
    },
    "node_modules/@anthropic-ai/claude-code-linux-arm64": {
      "version": "2.1.283",
      "resolved": "https://registry.npmjs.org/@anthropic-ai/claude-code-linux-arm64/-/claude-code-linux-arm64-2.1.283.tgz",
      "integrity": "sha512-1hGh4eQHoxNJSfA/0/id5lXFdO5yRScwtUlBNMu1fPxUSwiFosLQjPDv/KdgfVZ3xjVtqJWPbjtKQ1TsxfpcDg==",
      "cpu": [
        "arm64"
      ],
      "dev": true,
      "license": "SEE LICENSE IN LICENSE.md",
      "optional": true,
      "os": [
        "linux"
      ]
    },
    "node_modules/@anthropic-ai/claude-code-linux-arm64-musl": {
      "version": "2.1.283",
      "resolved": "https://registry.npmjs.org/@anthropic-ai/claude-code-linux-arm64-musl/-/claude-code-linux-arm64-musl-2.1.283.tgz",
      "integrity": "sha512-JcZDkbhkSdyuwSmZUlzEXOQiIn4U8vGwbxkU/MoFymU93RfmpmOUnj3TZALyNll0t86b0IpiYCXWFfaKu7ZUUw==",
      "cpu": [
        "arm64"
      ],
      "dev": true,
      "license": "SEE LICENSE IN LICENSE.md",
      "optional": true,
      "os": [
        "linux"
      ]
    },
    "node_modules/@anthropic-ai/claude-code-linux-x64": {
      "version": "2.1.283",
      "resolved": "https://registry.npmjs.org/@anthropic-ai/claude-code-linux-x64/-/claude-code-linux-x64-2.1.283.tgz",
      "integrity": "sha512-q9+Ke42t/I6oLb/bTmh6sI24jMw4KNwz3QbQLp9dVQ8ipQChfAW5L11SX8jcDzVCW/P2tId7ftI+lgBURvz9uQ==",
      "cpu": [
        "x64"
      ],
      "dev": true,
      "license": "SEE LICENSE IN LICENSE.md",
      "optional": true,
      "os": [
        "linux"
      ]
    },
    "node_modules/@anthropic-ai/claude-code-linux-x64-musl": {
      "version": "2.1.283",
      "resolved": "https://registry.npmjs.org/@anthropic-ai/claude-code-linux-x64-musl/-/claude-code-linux-x64-musl-2.1.283.tgz",
      "integrity": "sha512-OrIYVYkqfszCu5w0aeVSCRBjJdvXkAOmqmtYjIWWy0ZcUGP14VkD3wtEPi/iELdYsGQutAkY5Y/5bMewftURug==",
      "cpu": [
        "x64"
      ],
      "dev": true,
      "license": "SEE LICENSE IN LICENSE.md",
      "optional": true,
      "os": [
        "linux"
      ]
    },
    "node_modules/@anthropic-ai/claude-code-win32-arm64": {
      "version": "2.1.283",
      "resolved": "https://registry.npmjs.org/@anthropic-ai/claude-code-win32-arm64/-/claude-code-win32-arm64-2.1.283.tgz",
      "integrity": "sha512-y/zroDb121XZ9m0tQ+y6JTWX/wjAKChcCziFmQhrHQ7FteOSkD0lJSgmwT292ghDWeM69ZwV0ongd21IitNpyA==",
      "cpu": [
        "arm64"
      ],
      "dev": true,
      "license": "SEE LICENSE IN LICENSE.md",
      "optional": true,
      "os": [
        "win32"
      ]
    },
    "node_modules/@anthropic-ai/claude-code-win32-x64": {
      "version": "2.1.283",
      "resolved": "https://registry.npmjs.org/@anthropic-ai/claude-code-win32-x64/-/claude-code-win32-x64-2.1.283.tgz",
      "integrity": "sha512-XzfHFpTbCWd0paru/fv0heHH8cfcxM9DkyOcB+B3taoUBpnhygnw5DzSq3/00kvt+BuNbibpIctiSWu2NHaEEQ==",
      "cpu": [
        "x64"
      ],
      "dev": true,
      "license": "SEE LICENSE IN LICENSE.md",
      "optional": true,
      "os": [
        "win32"
      ]
    },
    "node_modules/@github/keytar": {
      "version": "7.10.6",
      "resolved": "https://registry.npmjs.org/@github/keytar/-/keytar-7.10.6.tgz",
      "integrity": "sha512-mRW6cUsSG+nj4jp5gp8e91zPySaT73r+2JM6VyMZfrEgksjPmjSMr+tPGNOK3HUHV+GUU9B1LAiiYy/wmAnIxA==",
      "dev": true,
      "hasInstallScript": true,
      "license": "MIT",
      "optional": true,
      "dependencies": {
        "node-addon-api": "^8.3.0"
      }
    },
    "node_modules/@google/gemini-cli": {
      "version": "0.61.0",
      "resolved": "https://registry.npmjs.org/@google/gemini-cli/-/gemini-cli-0.61.0.tgz",
      "integrity": "sha512-dbQ9A0qBtFJNi6XBkHvfZ6Azpn6PNgH/P8h2MZ67RLlX8hSAVjup39CRWqdRxZv7YXIuhrFaytr8y0jKnkoxnQ==",
      "dev": true,
      "license": "Apache-2.0",
      "bin": {
        "gemini": "bundle/gemini.js"
      },
      "engines": {
        "node": ">=20"
      },
      "optionalDependencies": {
        "@github/keytar": "7.10.6",
        "@lydell/node-pty": "1.1.0",
        "@lydell/node-pty-darwin-arm64": "1.1.0",
        "@lydell/node-pty-darwin-x64": "1.1.0",
        "@lydell/node-pty-linux-x64": "1.1.0",
        "@lydell/node-pty-win32-arm64": "1.1.0",
        "@lydell/node-pty-win32-x64": "1.1.0",
        "node-pty": "1.0.0"
      }
    },
    "node_modules/@lydell/node-pty": {
      "version": "1.1.0",
      "resolved": "https://registry.npmjs.org/@lydell/node-pty/-/node-pty-1.1.0.tgz",
      "integrity": "sha512-VDD8LtlMTOrPKWMXUAcB9+LTktzuunqrMwkYR1DMRBkS6LQrCt+0/Ws1o2rMml/n3guePpS7cxhHF7Nm5K4iMw==",
      "dev": true,
      "license": "MIT",
      "optional": true,
      "optionalDependencies": {
        "@lydell/node-pty-darwin-arm64": "1.1.0",
        "@lydell/node-pty-darwin-x64": "1.1.0",
        "@lydell/node-pty-linux-arm64": "1.1.0",
        "@lydell/node-pty-linux-x64": "1.1.0",
        "@lydell/node-pty-win32-arm64": "1.1.0",
        "@lydell/node-pty-win32-x64": "1.1.0"
      }
    },
    "node_modules/@lydell/node-pty-darwin-arm64": {
      "version": "1.1.0",
      "resolved": "https://registry.npmjs.org/@lydell/node-pty-darwin-arm64/-/node-pty-darwin-arm64-1.1.0.tgz",
      "integrity": "sha512-7kFD+owAA61qmhJCtoMbqj3Uvff3YHDiU+4on5F2vQdcMI3MuwGi7dM6MkFG/yuzpw8LF2xULpL71tOPUfxs0w==",
      "cpu": [
        "arm64"
      ],
      "dev": true,
      "license": "MIT",
      "optional": true,
      "os": [
        "darwin"
      ]
    },
    "node_modules/@lydell/node-pty-darwin-x64": {
      "version": "1.1.0",
      "resolved": "https://registry.npmjs.org/@lydell/node-pty-darwin-x64/-/node-pty-darwin-x64-1.1.0.tgz",
      "integrity": "sha512-XZdvqj5FjAMjH8bdp0YfaZjur5DrCIDD1VYiE9EkkYVMDQqRUPHYV3U8BVEQVT9hYfjmpr7dNaELF2KyISWSNA==",
      "cpu": [
        "x64"
      ],
      "dev": true,
      "license": "MIT",
      "optional": true,
      "os": [
        "darwin"
      ]
    },
    "node_modules/@lydell/node-pty-linux-arm64": {
      "version": "1.1.0",
      "resolved": "https://registry.npmjs.org/@lydell/node-pty-linux-arm64/-/node-pty-linux-arm64-1.1.0.tgz",
      "integrity": "sha512-yyDBmalCfHpLiQMT2zyLcqL2Fay4Xy7rIs8GH4dqKLnEviMvPGOK7LADVkKAsbsyXBSISL3Lt1m1MtxhPH6ckg==",
      "cpu": [
        "arm64"
      ],
      "dev": true,
      "license": "MIT",
      "optional": true,
      "os": [
        "linux"
      ]
    },
    "node_modules/@lydell/node-pty-linux-x64": {
      "version": "1.1.0",
      "resolved": "https://registry.npmjs.org/@lydell/node-pty-linux-x64/-/node-pty-linux-x64-1.1.0.tgz",
      "integrity": "sha512-NcNqRTD14QT+vXcEuqSSvmWY+0+WUBn2uRE8EN0zKtDpIEr9d+YiFj16Uqds6QfcLCHfZmC+Ls7YzwTaqDnanA==",
      "cpu": [
        "x64"
      ],
      "dev": true,
      "license": "MIT",
      "optional": true,
      "os": [
        "linux"
      ]
    },
    "node_modules/@lydell/node-pty-win32-arm64": {
      "version": "1.1.0",
      "resolved": "https://registry.npmjs.org/@lydell/node-pty-win32-arm64/-/node-pty-win32-arm64-1.1.0.tgz",
      "integrity": "sha512-JOMbCou+0fA7d/m97faIIfIU0jOv8sn2OR7tI45u3AmldKoKoLP8zHY6SAvDDnI3fccO1R2HeR1doVjpS7HM0w==",
      "cpu": [
        "arm64"
      ],
      "dev": true,
      "license": "MIT",
      "optional": true,
      "os": [
        "win32"
      ]
    },
    "node_modules/@lydell/node-pty-win32-x64": {
      "version": "1.1.0",
      "resolved": "https://registry.npmjs.org/@lydell/node-pty-win32-x64/-/node-pty-win32-x64-1.1.0.tgz",
      "integrity": "sha512-3N56BZ+WDFnUMYRtsrr7Ky2mhWGl9xXcyqR6cexfuCqcz9RNWL+KoXRv/nZylY5dYaXkft4JaR1uVu+roiZDAw==",
      "cpu": [
        "x64"
      ],
      "dev": true,
      "license": "MIT",
      "optional": true,
      "os": [
        "win32"
      ]
    },
    "node_modules/nan": {
      "version": "2.29.0",
      "resolved": "https://registry.npmjs.org/nan/-/nan-2.29.0.tgz",
      "integrity": "sha512-GlGk3HIvitbvs+LT3g6XUP1kpirKNvmDFwF/bmo6XNWSb/eYEs/O4bfgIEIXCZ+lIOTS5xNwDvSGMw6FJdAhtA==",
      "dev": true,
      "license": "MIT",
      "optional": true
    },
    "node_modules/node-addon-api": {
      "version": "8.9.2",
      "resolved": "https://registry.npmjs.org/node-addon-api/-/node-addon-api-8.9.2.tgz",
      "integrity": "sha512-VijLXbi3UACN69I0JVXJsX4tjACjNoQDgv2gTF6sx2wWEi8tkSg2eX8p5gSIFi8z2+DL3oHmY6OyKce38SDolg==",
      "dev": true,
      "license": "MIT",
      "optional": true,
      "engines": {
        "node": "^18 || ^20 || >= 21"
      }
    },
    "node_modules/node-pty": {
      "version": "1.0.0",
      "resolved": "https://registry.npmjs.org/node-pty/-/node-pty-1.0.0.tgz",
      "integrity": "sha512-wtBMWWS7dFZm/VgqElrTvtfMq4GzJ6+edFI0Y0zyzygUSZMgZdraDUMUhCIvkjhJjme15qWmbyJbtAx4ot4uZA==",
      "dev": true,
      "hasInstallScript": true,
      "license": "MIT",
      "optional": true,
      "dependencies": {
        "nan": "^2.17.0"
      }
    }
  }
}
